
Microsoft Visual Studio Solution File, Format Version 12.00
# Visual Studio 15
VisualStudioVersion = 15.0.27004.2010
MinimumVisualStudioVersion = 10.0.40219.1
Project("{FAE04EC0-301F-11D3-BF4B-00C04F79EFBC}") = "GestioneClienti", "Gestione Palestra\GestioneClienti.csproj", "{3F0E7149-A99F-4C15-94D4-84B75BA6901B}"
EndProject
Global
	GlobalSection(SolutionConfigurationPlatforms) = preSolution
		Debug|Any CPU = Debug|Any CPU
		Release|Any CPU = Release|Any CPU
	EndGlobalSection
	GlobalSection(ProjectConfigurationPlatforms) = postSolution
		{3F0E7149-A99F-4C15-94D4-84B75BA6901B}.Debug|Any CPU.ActiveCfg = Debug|Any CPU
		{3F0E7149-A99F-4C15-94D4-84B75BA6901B}.Debug|Any CPU.Build.0 = Debug|Any CPU
		{3F0E7149-A99F-4C15-94D4-84B75BA6901B}.Release|Any CPU.ActiveCfg = Release|Any CPU
		{3F0E7149-A99F-4C15-94D4-84B75BA6901B}.Release|Any CPU.Build.0 = Release|Any CPU
	EndGlobalSection
	GlobalSection(SolutionProperties) = preSolution
		HideSolutionNode = FALSE
	EndGlobalSection
	GlobalSection(ExtensibilityGlobals) = postSolution
		SolutionGuid = {5509CE18-55D5-4907-89EB-B004463C17E1}
	EndGlobalSection
EndGlobal
